
Microsoft Visual Studio Solution File, Format Version 12.00
# Visual Studio Version 16
VisualStudioVersion = 16.0.28803.352
MinimumVisualStudioVersion = 10.0.40219.1
Project("{FAE04EC0-301F-11D3-BF4B-00C04F79EFBC}") = "XUnitTrainingMaterial", "XUnitTrainingMaterial\XUnitTrainingMaterial.csproj", "{4345E803-7E8C-42A2-8602-547248E3F58D}"
EndProject
Global
	GlobalSection(SolutionConfigurationPlatforms) = preSolution
		Debug|Any CPU = Debug|Any CPU
		Release|Any CPU = Release|Any CPU
	EndGlobalSection
	GlobalSection(ProjectConfigurationPlatforms) = postSolution
		{4345E803-7E8C-42A2-8602-547248E3F58D}.Debug|Any CPU.ActiveCfg = Debug|Any CPU
		{4345E803-7E8C-42A2-8602-547248E3F58D}.Debug|Any CPU.Build.0 = Debug|Any CPU
		{4345E803-7E8C-42A2-8602-547248E3F58D}.Release|Any CPU.ActiveCfg = Release|Any CPU
		{4345E803-7E8C-42A2-8602-547248E3F58D}.Release|Any CPU.Build.0 = Release|Any CPU
	EndGlobalSection
	GlobalSection(SolutionProperties) = preSolution
		HideSolutionNode = FALSE
	EndGlobalSection
	GlobalSection(ExtensibilityGlobals) = postSolution
		SolutionGuid = {04991FC3-7232-4F93-AD6C-5EF6B056C12D}
	EndGlobalSection
EndGlobal
